// !$*UTF8*$!
{
	archiveVersion = 1;
	classes = {
	};
	objectVersion = 46;
	objects = {

/* Begin PBXBuildFile section */
		7627C88E1E9AEF8500CE2057 /* CoreLocation.framework in Frameworks */ = {isa = PBXBuildFile; fileRef = 7627C88D1E9AEF8500CE2057 /* CoreLocation.framework */; };
		7639ED791E99726D00DECF22 /* AppDelegate.swift in Sources */ = {isa = PBXBuildFile; fileRef = 7639ED781E99726D00DECF22 /* AppDelegate.swift */; };
		7639ED7B1E99726D00DECF22 /* ViewController.swift in Sources */ = {isa = PBXBuildFile; fileRef = 7639ED7A1E99726D00DECF22 /* ViewController.swift */; };
		7639ED7E1E99726D00DECF22 /* Main.storyboard in Resources */ = {isa = PBXBuildFile; fileRef = 7639ED7C1E99726D00DECF22 /* Main.storyboard */; };
		7639ED801E99726E00DECF22 /* Assets.xcassets in Resources */ = {isa = PBXBuildFile; fileRef = 7639ED7F1E99726E00DECF22 /* Assets.xcassets */; };
		7639ED831E99726E00DECF22 /* LaunchScreen.storyboard in Resources */ = {isa = PBXBuildFile; fileRef = 7639ED811E99726E00DECF22 /* LaunchScreen.storyboard */; };
		7639ED8E1E99726E00DECF22 /* iosmapTests.swift in Sources */ = {isa = PBXBuildFile; fileRef = 7639ED8D1E99726E00DECF22 /* iosmapTests.swift */; };
		7639ED991E99726E00DECF22 /* iosmapUITests.swift in Sources */ = {isa = PBXBuildFile; fileRef = 7639ED981E99726E00DECF22 /* iosmapUITests.swift */; };
/* End PBXBuildFile section */

/* Begin PBXContainerItemProxy section */
		7639ED8A1E99726E00DECF22 /* PBXContainerItemProxy */ = {
			isa = PBXContainerItemProxy;
			containerPortal = 7639ED6D1E99726D00DECF22 /* Project object */;
			proxyType = 1;
			remoteGlobalIDString = 7639ED741E99726D00DECF22;
			remoteInfo = iosmap;
		};
		7639ED951E99726E00DECF22 /* PBXContainerItemProxy */ = {
			isa = PBXContainerItemProxy;
			containerPortal = 7639ED6D1E99726D00DECF22 /* Project object */;
			proxyType = 1;
			remoteGlobalIDString = 7639ED741E99726D00DECF22;
			remoteInfo = iosmap;
		};
/* End PBXContainerItemProxy section */

/* Begin PBXFileReference section */
		7627C88D1E9AEF8500CE2057 /* CoreLocation.framework */ = {isa = PBXFileReference; lastKnownFileType = wrapper.framework; name = CoreLocation.framework; path = System/Library/Frameworks/CoreLocation.framework; sourceTree = SDKROOT; };
		7639ED751E99726D00DECF22 /* iosmap.app */ = {isa = PBXFileReference; explicitFileType = wrapper.application; includeInIndex = 0; path = iosmap.app; sourceTree = BUILT_PRODUCTS_DIR; };
		7639ED781E99726D00DECF22 /* AppDelegate.swift */ = {isa = PBXFileReference; lastKnownFileType = sourcecode.swift; path = AppDelegate.swift; sourceTree = "<group>"; };
		7639ED7A1E99726D00DECF22 /* ViewController.swift */ = {isa = PBXFileReference; lastKnownFileType = sourcecode.swift; path = ViewController.swift; sourceTree = "<group>"; };
		7639ED7D1E99726D00DECF22 /* Base */ = {isa = PBXFileReference; lastKnownFileType = file.storyboard; name = Base; path = Base.lproj/Main.storyboard; sourceTree = "<group>"; };
		7639ED7F1E99726E00DECF22 /* Assets.xcassets */ = {isa = PBXFileReference; lastKnownFileType = folder.assetcatalog; path = Assets.xcassets; sourceTree = "<group>"; };
		7639ED821E99726E00DECF22 /* Base */ = {isa = PBXFileReference; lastKnownFileType = file.storyboard; name = Base; path = Base.lproj/LaunchScreen.storyboard; sourceTree = "<group>"; };
		7639ED841E99726E00DECF22 /* Info.plist */ = {isa = PBXFileReference; lastKnownFileType = text.plist.xml; path = Info.plist; sourceTree = "<group>"; };
		7639ED891E99726E00DECF22 /* iosmapTests.xctest */ = {isa = PBXFileReference; explicitFileType = wrapper.cfbundle; includeInIndex = 0; path = iosmapTests.xctest; sourceTree = BUILT_PRODUCTS_DIR; };
		7639ED8D1E99726E00DECF22 /* iosmapTests.swift */ = {isa = PBXFileReference; lastKnownFileType = sourcecode.swift; path = iosmapTests.swift; sourceTree = "<group>"; };
		7639ED8F1E99726E00DECF22 /* Info.plist */ = {isa = PBXFileReference; lastKnownFileType = text.plist.xml; path = Info.plist; sourceTree = "<group>"; };
		7639ED941E99726E00DECF22 /* iosmapUITests.xctest */ = {isa = PBXFileReference; explicitFileType = wrapper.cfbundle; includeInIndex = 0; path = iosmapUITests.xctest; sourceTree = BUILT_PRODUCTS_DIR; };
		7639ED981E99726E00DECF22 /* iosmapUITests.swift */ = {isa = PBXFileReference; lastKnownFileType = sourcecode.swift; path = iosmapUITests.swift; sourceTree = "<group>"; };
		7639ED9A1E99726E00DECF22 /* Info.plist */ = {isa = PBXFileReference; lastKnownFileType = text.plist.xml; path = Info.plist; sourceTree = "<group>"; };
/* End PBXFileReference section */

/* Begin PBXFrameworksBuildPhase section */
		7639ED721E99726D00DECF22 /* Frameworks */ = {
			isa = PBXFrameworksBuildPhase;
			buildActionMask = 2147483647;
			files = (
				7627C88E1E9AEF8500CE2057 /* CoreLocation.framework in Frameworks */,
			);
			runOnlyForDeploymentPostprocessing = 0;
		};
		7639ED861E99726E00DECF22 /* Frameworks */ = {
			isa = PBXFrameworksBuildPhase;
			buildActionMask = 2147483647;
			files = (
			);
			runOnlyForDeploymentPostprocessing = 0;
		};
		7639ED911E99726E00DECF22 /* Frameworks */ = {
			isa = PBXFrameworksBuildPhase;
			buildActionMask = 2147483647;
			files = (
			);
			runOnlyForDeploymentPostprocessing = 0;
		};
/* End PBXFrameworksBuildPhase section */

/* Begin PBXGroup section */
		7627C88C1E9AEF8500CE2057 /* Frameworks */ = {
			isa = PBXGroup;
			children = (
				7627C88D1E9AEF8500CE2057 /* CoreLocation.framework */,
			);
			name = Frameworks;
			sourceTree = "<group>";
		};
		7639ED6C1E99726D00DECF22 = {
			isa = PBXGroup;
			children = (
				7639ED771E99726D00DECF22 /* iosmap */,
				7639ED8C1E99726E00DECF22 /* iosmapTests */,
				7639ED971E99726E00DECF22 /* iosmapUITests */,
				7639ED761E99726D00DECF22 /* Products */,
				7627C88C1E9AEF8500CE2057 /* Frameworks */,
			);
			sourceTree = "<group>";
		};
		7639ED761E99726D00DECF22 /* Products */ = {
			isa = PBXGroup;
			children = (
				7639ED751E99726D00DECF22 /* iosmap.app */,
				7639ED891E99726E00DECF22 /* iosmapTests.xctest */,
				7639ED941E99726E00DECF22 /* iosmapUITests.xctest */,
			);
			name = Products;
			sourceTree = "<group>";
		};
		7639ED771E99726D00DECF22 /* iosmap */ = {
			isa = PBXGroup;
			children = (
				7639ED781E99726D00DECF22 /* AppDelegate.swift */,
				7639ED7A1E99726D00DECF22 /* ViewController.swift */,
				7639ED7C1E99726D00DECF22 /* Main.storyboard */,
				7639ED7F1E99726E00DECF22 /* Assets.xcassets */,
				7639ED811E99726E00DECF22 /* LaunchScreen.storyboard */,
				7639ED841E99726E00DECF22 /* Info.plist */,
			);
			path = iosmap;
			sourceTree = "<group>";
		};
		7639ED8C1E99726E00DECF22 /* iosmapTests */ = {
			isa = PBXGroup;
			children = (
				7639ED8D1E99726E00DECF22 /* iosmapTests.swift */,
				7639ED8F1E99726E00DECF22 /* Info.plist */,
			);
			path = iosmapTests;
			sourceTree = "<group>";
		};
		7639ED971E99726E00DECF22 /* iosmapUITests */ = {
			isa = PBXGroup;
			children = (
				7639ED981E99726E00DECF22 /* iosmapUITests.swift */,
				7639ED9A1E99726E00DECF22 /* Info.plist */,
			);
			path = iosmapUITests;
			sourceTree = "<group>";
		};
/* End PBXGroup section */

/* Begin PBXNativeTarget section */
		7639ED741E99726D00DECF22 /* iosmap */ = {
			isa = PBXNativeTarget;
			buildConfigurationList = 7639ED9D1E99726E00DECF22 /* Build configuration list for PBXNativeTarget "iosmap" */;
			buildPhases = (
				7639ED711E99726D00DECF22 /* Sources */,
				7639ED721E99726D00DECF22 /* Frameworks */,
				7639ED731E99726D00DECF22 /* Resources */,
			);
			buildRules = (
			);
			dependencies = (
			);
			name = iosmap;
			productName = iosmap;
			productReference = 7639ED751E99726D00DECF22 /* iosmap.app */;
			productType = "com.apple.product-type.application";
		};
		7639ED881E99726E00DECF22 /* iosmapTests */ = {
			isa = PBXNativeTarget;
			buildConfigurationList = 7639EDA01E99726E00DECF22 /* Build configuration list for PBXNativeTarget "iosmapTests" */;
			buildPhases = (
				7639ED851E99726E00DECF22 /* Sources */,
				7639ED861E99726E00DECF22 /* Frameworks */,
				7639ED871E99726E00DECF22 /* Resources */,
			);
			buildRules = (
			);
			dependencies = (
				7639ED8B1E99726E00DECF22 /* PBXTargetDependency */,
			);
			name = iosmapTests;
			productName = iosmapTests;
			productReference = 7639ED891E99726E00DECF22 /* iosmapTests.xctest */;
			productType = "com.apple.product-type.bundle.unit-test";
		};
		7639ED931E99726E00DECF22 /* iosmapUITests */ = {
			isa = PBXNativeTarget;
			buildConfigurationList = 7639EDA31E99726E00DECF22 /* Build configuration list for PBXNativeTarget "iosmapUITests" */;
			buildPhases = (
				7639ED901E99726E00DECF22 /* Sources */,
				7639ED911E99726E00DECF22 /* Frameworks */,
				7639ED921E99726E00DECF22 /* Resources */,
			);
			buildRules = (
			);
			dependencies = (
				7639ED961E99726E00DECF22 /* PBXTargetDependency */,
			);
			name = iosmapUITests;
			productName = iosmapUITests;
			productReference = 7639ED941E99726E00DECF22 /* iosmapUITests.xctest */;
			productType = "com.apple.product-type.bundle.ui-testing";
		};
/* End PBXNativeTarget section */

/* Begin PBXProject section */
		7639ED6D1E99726D00DECF22 /* Project object */ = {
			isa = PBXProject;
			attributes = {
				LastSwiftUpdateCheck = 0820;
				LastUpgradeCheck = 0820;
				ORGANIZATIONNAME = "Grady Nobles";
				TargetAttributes = {
					7639ED741E99726D00DECF22 = {
						CreatedOnToolsVersion = 8.2.1;
						ProvisioningStyle = Automatic;
					};
					7639ED881E99726E00DECF22 = {
						CreatedOnToolsVersion = 8.2.1;
						ProvisioningStyle = Automatic;
						TestTargetID = 7639ED741E99726D00DECF22;
					};
					7639ED931E99726E00DECF22 = {
						CreatedOnToolsVersion = 8.2.1;
						ProvisioningStyle = Automatic;
						TestTargetID = 7639ED741E99726D00DECF22;
					};
				};
			};
			buildConfigurationList = 7639ED701E99726D00DECF22 /* Build configuration list for PBXProject "iosmap" */;
			compatibilityVersion = "Xcode 3.2";
			developmentRegion = English;
			hasScannedForEncodings = 0;
			knownRegions = (
				en,
				Base,
			);
			mainGroup = 7639ED6C1E99726D00DECF22;
			productRefGroup = 7639ED761E99726D00DECF22 /* Products */;
			projectDirPath = "";
			projectRoot = "";
			targets = (
				7639ED741E99726D00DECF22 /* iosmap */,
				7639ED881E99726E00DECF22 /* iosmapTests */,
				7639ED931E99726E00DECF22 /* iosmapUITests */,
			);
		};
/* End PBXProject section */

/* Begin PBXResourcesBuildPhase section */
		7639ED731E99726D00DECF22 /* Resources */ = {
			isa = PBXResourcesBuildPhase;
			buildActionMask = 2147483647;
			files = (
				7639ED831E99726E00DECF22 /* LaunchScreen.storyboard in Resources */,
				7639ED801E99726E00DECF22 /* Assets.xcassets in Resources */,
				7639ED7E1E99726D00DECF22 /* Main.storyboard in Resources */,
			);
			runOnlyForDeploymentPostprocessing = 0;
		};
		7639ED871E99726E00DECF22 /* Resources */ = {
			isa = PBXResourcesBuildPhase;
			buildActionMask = 2147483647;
			files = (
			);
			runOnlyForDeploymentPostprocessing = 0;
		};
		7639ED921E99726E00DECF22 /* Resources */ = {
			isa = PBXResourcesBuildPhase;
			buildActionMask = 2147483647;
			files = (
			);
			runOnlyForDeploymentPostprocessing = 0;
		};
/* End PBXResourcesBuildPhase section */

/* Begin PBXSourcesBuildPhase section */
		7639ED711E99726D00DECF22 /* Sources */ = {
			isa = PBXSourcesBuildPhase;
			buildActionMask = 2147483647;
			files = (
				7639ED7B1E99726D00DECF22 /* ViewController.swift in Sources */,
				7639ED791E99726D00DECF22 /* AppDelegate.swift in Sources */,
			);
			runOnlyForDeploymentPostprocessing = 0;
		};
		7639ED851E99726E00DECF22 /* Sources */ = {
			isa = PBXSourcesBuildPhase;
			buildActionMask = 2147483647;
			files = (
				7639ED8E1E99726E00DECF22 /* iosmapTests.swift in Sources */,
			);
			runOnlyForDeploymentPostprocessing = 0;
		};
		7639ED901E99726E00DECF22 /* Sources */ = {
			isa = PBXSourcesBuildPhase;
			buildActionMask = 2147483647;
			files = (
				7639ED991E99726E00DECF22 /* iosmapUITests.swift in Sources */,
			);
			runOnlyForDeploymentPostprocessing = 0;
		};
/* End PBXSourcesBuildPhase section */

/* Begin PBXTargetDependency section */
		7639ED8B1E99726E00DECF22 /* PBXTargetDependency */ = {
			isa = PBXTargetDependency;
			target = 7639ED741E99726D00DECF22 /* iosmap */;
			targetProxy = 7639ED8A1E99726E00DECF22 /* PBXContainerItemProxy */;
		};
		7639ED961E99726E00DECF22 /* PBXTargetDependency */ = {
			isa = PBXTargetDependency;
			target = 7639ED741E99726D00DECF22 /* iosmap */;
			targetProxy = 7639ED951E99726E00DECF22 /* PBXContainerItemProxy */;
		};
/* End PBXTargetDependency section */

/* Begin PBXVariantGroup section */
		7639ED7C1E99726D00DECF22 /* Main.storyboard */ = {
			isa = PBXVariantGroup;
			children = (
				7639ED7D1E99726D00DECF22 /* Base */,
			);
			name = Main.storyboard;
			sourceTree = "<group>";
		};
		7639ED811E99726E00DECF22 /* LaunchScreen.storyboard */ = {
			isa = PBXVariantGroup;
			children = (
				7639ED821E99726E00DECF22 /* Base */,
			);
			name = LaunchScreen.storyboard;
			sourceTree = "<group>";
		};
/* End PBXVariantGroup section */

/* Begin XCBuildConfiguration section */
		7639ED9B1E99726E00DECF22 /* Debug */ = {
			isa = XCBuildConfiguration;
			buildSettings = {
				ALWAYS_SEARCH_USER_PATHS = NO;
				CLANG_ANALYZER_NONNULL = YES;
				CLANG_CXX_LANGUAGE_STANDARD = "gnu++0x";
				CLANG_CXX_LIBRARY = "libc++";
				CLANG_ENABLE_MODULES = YES;
				CLANG_ENABLE_OBJC_ARC = YES;
				CLANG_WARN_BOOL_CONVERSION = YES;
				CLANG_WARN_CONSTANT_CONVERSION = YES;
				CLANG_WARN_DIRECT_OBJC_ISA_USAGE = YES_ERROR;
				CLANG_WARN_DOCUMENTATION_COMMENTS = YES;
				CLANG_WARN_EMPTY_BODY = YES;
				CLANG_WARN_ENUM_CONVERSION = YES;
				CLANG_WARN_INFINITE_RECURSION = YES;
				CLANG_WARN_INT_CONVERSION = YES;
				CLANG_WARN_OBJC_ROOT_CLASS = YES_ERROR;
				CLANG_WARN_SUSPICIOUS_MOVE = YES;
				CLANG_WARN_UNREACHABLE_CODE = YES;
				CLANG_WARN__DUPLICATE_METHOD_MATCH = YES;
				"CODE_SIGN_IDENTITY[sdk=iphoneos*]" = "iPhone Developer";
				COPY_PHASE_STRIP = NO;
				DEBUG_INFORMATION_FORMAT = dwarf;
				ENABLE_STRICT_OBJC_MSGSEND = YES;
				ENABLE_TESTABILITY = YES;
				GCC_C_LANGUAGE_STANDARD = gnu99;
				GCC_DYNAMIC_NO_PIC = NO;
				GCC_NO_COMMON_BLOCKS = YES;
				GCC_OPTIMIZATION_LEVEL = 0;
				GCC_PREPROCESSOR_DEFINITIONS = (
					"DEBUG=1",
					"$(inherited)",
				);
				GCC_WARN_64_TO_32_BIT_CONVERSION = YES;
				GCC_WARN_ABOUT_RETURN_TYPE = YES_ERROR;
				GCC_WARN_UNDECLARED_SELECTOR = YES;
				GCC_WARN_UNINITIALIZED_AUTOS = YES_AGGRESSIVE;
				GCC_WARN_UNUSED_FUNCTION = YES;
				GCC_WARN_UNUSED_VARIABLE = YES;
				IPHONEOS_DEPLOYMENT_TARGET = 10.2;
				MTL_ENABLE_DEBUG_INFO = YES;
				ONLY_ACTIVE_ARCH = YES;
				SDKROOT = iphoneos;
				SWIFT_ACTIVE_COMPILATION_CONDITIONS = DEBUG;
				SWIFT_OPTIMIZATION_LEVEL = "-Onone";
				TARGETED_DEVICE_FAMILY = "1,2";
			};
			name = Debug;
		};
		7639ED9C1E99726E00DECF22 /* Release */ = {
			isa = XCBuildConfiguration;
			buildSettings = {
				ALWAYS_SEARCH_USER_PATHS = NO;
				CLANG_ANALYZER_NONNULL = YES;
				CLANG_CXX_LANGUAGE_STANDARD = "gnu++0x";
				CLANG_CXX_LIBRARY = "libc++";
				CLANG_ENABLE_MODULES = YES;
				CLANG_ENABLE_OBJC_ARC = YES;
				CLANG_WARN_BOOL_CONVERSION = YES;
				CLANG_WARN_CONSTANT_CONVERSION = YES;
				CLANG_WARN_DIRECT_OBJC_ISA_USAGE = YES_ERROR;
				CLANG_WARN_DOCUMENTATION_COMMENTS = YES;
				CLANG_WARN_EMPTY_BODY = YES;
				CLANG_WARN_ENUM_CONVERSION = YES;
				CLANG_WARN_INFINITE_RECURSION = YES;
				CLANG_WARN_INT_CONVERSION = YES;
				CLANG_WARN_OBJC_ROOT_CLASS = YES_ERROR;
				CLANG_WARN_SUSPICIOUS_MOVE = YES;
				CLANG_WARN_UNREACHABLE_CODE = YES;
				CLANG_WARN__DUPLICATE_METHOD_MATCH = YES;
				"CODE_SIGN_IDENTITY[sdk=iphoneos*]" = "iPhone Developer";
				COPY_PHASE_STRIP = NO;
				DEBUG_INFORMATION_FORMAT = "dwarf-with-dsym";
				ENABLE_NS_ASSERTIONS = NO;
				ENABLE_STRICT_OBJC_MSGSEND = YES;
				GCC_C_LANGUAGE_STANDARD = gnu99;
				GCC_NO_COMMON_BLOCKS = YES;
				GCC_WARN_64_TO_32_BIT_CONVERSION = YES;
				GCC_WARN_ABOUT_RETURN_TYPE = YES_ERROR;
				GCC_WARN_UNDECLARED_SELECTOR = YES;
				GCC_WARN_UNINITIALIZED_AUTOS = YES_AGGRESSIVE;
				GCC_WARN_UNUSED_FUNCTION = YES;
				GCC_WARN_UNUSED_VARIABLE = YES;
				IPHONEOS_DEPLOYMENT_TARGET = 10.2;
				MTL_ENABLE_DEBUG_INFO = NO;
				SDKROOT = iphoneos;
				SWIFT_OPTIMIZATION_LEVEL = "-Owholemodule";
				TARGETED_DEVICE_FAMILY = "1,2";
				VALIDATE_PRODUCT = YES;
			};
			name = Release;
		};
		7639ED9E1E99726E00DECF22 /* Debug */ = {
			isa = XCBuildConfiguration;
			buildSettings = {
				ASSETCATALOG_COMPILER_APPICON_NAME = AppIcon;
				INFOPLIST_FILE = iosmap/Info.plist;
				LD_RUNPATH_SEARCH_PATHS = "$(inherited) @executable_path/Frameworks";
				PRODUCT_BUNDLE_IDENTIFIER = NobleTech.iosmap;
				PRODUCT_NAME = "$(TARGET_NAME)";
				SWIFT_VERSION = 3.0;
			};
			name = Debug;
		};
		7639ED9F1E99726E00DECF22 /* Release */ = {
			isa = XCBuildConfiguration;
			buildSettings = {
				ASSETCATALOG_COMPILER_APPICON_NAME = AppIcon;
				INFOPLIST_FILE = iosmap/Info.plist;
				LD_RUNPATH_SEARCH_PATHS = "$(inherited) @executable_path/Frameworks";
				PRODUCT_BUNDLE_IDENTIFIER = NobleTech.iosmap;
				PRODUCT_NAME = "$(TARGET_NAME)";
				SWIFT_VERSION = 3.0;
			};
			name = Release;
		};
		7639EDA11E99726E00DECF22 /* Debug */ = {
			isa = XCBuildConfiguration;
			buildSettings = {
				ALWAYS_EMBED_SWIFT_STANDARD_LIBRARIES = YES;
				BUNDLE_LOADER = "$(TEST_HOST)";
				INFOPLIST_FILE = iosmapTests/Info.plist;
				LD_RUNPATH_SEARCH_PATHS = "$(inherited) @executable_path/Frameworks @loader_path/Frameworks";
				PRODUCT_BUNDLE_IDENTIFIER = NobleTech.iosmapTests;
				PRODUCT_NAME = "$(TARGET_NAME)";
				SWIFT_VERSION = 3.0;
				TEST_HOST = "$(BUILT_PRODUCTS_DIR)/iosmap.app/iosmap";
			};
			name = Debug;
		};
		7639EDA21E99726E00DECF22 /* Release */ = {
			isa = XCBuildConfiguration;
			buildSettings = {
				ALWAYS_EMBED_SWIFT_STANDARD_LIBRARIES = YES;
				BUNDLE_LOADER = "$(TEST_HOST)";
				INFOPLIST_FILE = iosmapTests/Info.plist;
				LD_RUNPATH_SEARCH_PATHS = "$(inherited) @executable_path/Frameworks @loader_path/Frameworks";
				PRODUCT_BUNDLE_IDENTIFIER = NobleTech.iosmapTests;
				PRODUCT_NAME = "$(TARGET_NAME)";
				SWIFT_VERSION = 3.0;
				TEST_HOST = "$(BUILT_PRODUCTS_DIR)/iosmap.app/iosmap";
			};
			name = Release;
		};
		7639EDA41E99726E00DECF22 /* Debug */ = {
			isa = XCBuildConfiguration;
			buildSettings = {
				ALWAYS_EMBED_SWIFT_STANDARD_LIBRARIES = YES;
				INFOPLIST_FILE = iosmapUITests/Info.plist;
				LD_RUNPATH_SEARCH_PATHS = "$(inherited) @executable_path/Frameworks @loader_path/Frameworks";
				PRODUCT_BUNDLE_IDENTIFIER = NobleTech.iosmapUITests;
				PRODUCT_NAME = "$(TARGET_NAME)";
				SWIFT_VERSION = 3.0;
				TEST_TARGET_NAME = iosmap;
			};
			name = Debug;
		};
		7639EDA51E99726E00DECF22 /* Release */ = {
			isa = XCBuildConfiguration;
			buildSettings = {
				ALWAYS_EMBED_SWIFT_STANDARD_LIBRARIES = YES;
				INFOPLIST_FILE = iosmapUITests/Info.plist;
				LD_RUNPATH_SEARCH_PATHS = "$(inherited) @executable_path/Frameworks @loader_path/Frameworks";
				PRODUCT_BUNDLE_IDENTIFIER = NobleTech.iosmapUITests;
				PRODUCT_NAME = "$(TARGET_NAME)";
				SWIFT_VERSION = 3.0;
				TEST_TARGET_NAME = iosmap;
			};
			name = Release;
		};
/* End XCBuildConfiguration section */

/* Begin XCConfigurationList section */
		7639ED701E99726D00DECF22 /* Build configuration list for PBXProject "iosmap" */ = {
			isa = XCConfigurationList;
			buildConfigurations = (
				7639ED9B1E99726E00DECF22 /* Debug */,
				7639ED9C1E99726E00DECF22 /* Release */,
			);
			defaultConfigurationIsVisible = 0;
			defaultConfigurationName = Release;
		};
		7639ED9D1E99726E00DECF22 /* Build configuration list for PBXNativeTarget "iosmap" */ = {
			isa = XCConfigurationList;
			buildConfigurations = (
				7639ED9E1E99726E00DECF22 /* Debug */,
				7639ED9F1E99726E00DECF22 /* Release */,
			);
			defaultConfigurationIsVisible = 0;
			defaultConfigurationName = Release;
		};
		7639EDA01E99726E00DECF22 /* Build configuration list for PBXNativeTarget "iosmapTests" */ = {
			isa = XCConfigurationList;
			buildConfigurations = (
				7639EDA11E99726E00DECF22 /* Debug */,
				7639EDA21E99726E00DECF22 /* Release */,
			);
			defaultConfigurationIsVisible = 0;
			defaultConfigurationName = Release;
		};
		7639EDA31E99726E00DECF22 /* Build configuration list for PBXNativeTarget "iosmapUITests" */ = {
			isa = XCConfigurationList;
			buildConfigurations = (
				7639EDA41E99726E00DECF22 /* Debug */,
				7639EDA51E99726E00DECF22 /* Release */,
			);
			defaultConfigurationIsVisible = 0;
			defaultConfigurationName = Release;
		};
/* End XCConfigurationList section */
	};
	rootObject = 7639ED6D1E99726D00DECF22 /* Project object */;
}
